{
  "sources": {
    "apt": {
      "locked_version": "2.1.1"
    },
    "git": {
      "locked_version": "2.6.0"
    },
    "osm2pgsql": {
      "path": "."
    },
    "dmg": {
      "locked_version": "2.1.4"
    },
    "build-essential": {
      "locked_version": "1.4.2"
    },
    "yum": {
      "locked_version": "3.0.6"
    },
    "windows": {
      "locked_version": "1.12.8"
    },
    "chef_handler": {
      "locked_version": "1.1.4"
    },
    "runit": {
      "locked_version": "1.5.10"
    },
    "yum-epel": {
      "locked_version": "0.2.0"
    }
  }
}
